{
  "requires": true,
  "lockfileVersion": 1,
  "dependencies": {
    "bootstrap": {
      "version": "4.1.3",
      "resolved": "https://registry.npmjs.org/bootstrap/-/bootstrap-4.1.3.tgz",
      "integrity": "sha512-rDFIzgXcof0jDyjNosjv4Sno77X4KuPeFxG2XZZv1/Kc8DRVGVADdoQyyOVDwPqL36DDmtCQbrpMCqvpPLJQ0w=="
    },
    "jquery-slim-webpack": {
      "version": "0.0.3",
      "resolved": "https://registry.npmjs.org/jquery-slim-webpack/-/jquery-slim-webpack-0.0.3.tgz",
      "integrity": "sha1-qzAW3mE0aN2liJZisO24LhLaxVk="
    }
  }
}
